
Microsoft Visual Studio Solution File, Format Version 12.00
# Visual Studio Version 17
VisualStudioVersion = 17.6.33723.286
MinimumVisualStudioVersion = 10.0.40219.1
Project("{9A19103F-16F7-4668-BE54-9A1E7A4F7556}") = "DocAssistant.Teams", "DocAssistant.Teams\DocAssistant.Teams.csproj", "{66A7AF20-5BA9-43B3-87D1-C4F5ACECEBAF}"
EndProject
Global
	GlobalSection(SolutionConfigurationPlatforms) = preSolution
		Debug|Any CPU = Debug|Any CPU
		Release|Any CPU = Release|Any CPU
	EndGlobalSection
	GlobalSection(ProjectConfigurationPlatforms) = postSolution
		{66A7AF20-5BA9-43B3-87D1-C4F5ACECEBAF}.Debug|Any CPU.ActiveCfg = Debug|Any CPU
		{66A7AF20-5BA9-43B3-87D1-C4F5ACECEBAF}.Debug|Any CPU.Build.0 = Debug|Any CPU
		{66A7AF20-5BA9-43B3-87D1-C4F5ACECEBAF}.Debug|Any CPU.Deploy.0 = Debug|Any CPU
		{66A7AF20-5BA9-43B3-87D1-C4F5ACECEBAF}.Release|Any CPU.ActiveCfg = Release|Any CPU
		{66A7AF20-5BA9-43B3-87D1-C4F5ACECEBAF}.Release|Any CPU.Build.0 = Release|Any CPU
		{66A7AF20-5BA9-43B3-87D1-C4F5ACECEBAF}.Release|Any CPU.Deploy.0 = Release|Any CPU
	EndGlobalSection
	GlobalSection(SolutionProperties) = preSolution
		HideSolutionNode = FALSE
	EndGlobalSection
	GlobalSection(ExtensibilityGlobals) = postSolution
		SolutionGuid = {9ED759A4-D076-4F0F-913E-9DC64C1D84A4}
	EndGlobalSection
EndGlobal
